
Microsoft Visual Studio Solution File, Format Version 12.00
# Visual Studio Version 17
VisualStudioVersion = 17.5.001.0
MinimumVisualStudioVersion = 10.0.40219.1
Project("{9A19103F-16F7-4668-BE54-9A1E7A4F7556}") = "UserService", "UserService.csproj", "{38848DE2-F179-41B7-8735-C3C858154253}"
EndProject
Global
	GlobalSection(SolutionConfigurationPlatforms) = preSolution
		Debug|Any CPU = Debug|Any CPU
		Release|Any CPU = Release|Any CPU
	EndGlobalSection
	GlobalSection(ProjectConfigurationPlatforms) = postSolution
		{38848DE2-F179-41B7-8735-C3C858154253}.Debug|Any CPU.ActiveCfg = Debug|Any CPU
		{38848DE2-F179-41B7-8735-C3C858154253}.Debug|Any CPU.Build.0 = Debug|Any CPU
		{38848DE2-F179-41B7-8735-C3C858154253}.Release|Any CPU.ActiveCfg = Release|Any CPU
		{38848DE2-F179-41B7-8735-C3C858154253}.Release|Any CPU.Build.0 = Release|Any CPU
	EndGlobalSection
	GlobalSection(SolutionProperties) = preSolution
		HideSolutionNode = FALSE
	EndGlobalSection
	GlobalSection(ExtensibilityGlobals) = postSolution
		SolutionGuid = {94C56565-13C9-4C4A-ACAB-6A1727A85DF8}
	EndGlobalSection
EndGlobal
